{
	"name": "template-app",
	"version": "0.0.0",
	"lockfileVersion": 3,
	"requires": true,
	"packages": {
		"": {
			"name": "template-app",
			"version": "0.0.0",
			"license": "GPL-3.0-only",
			"os": [
				"darwin",
				"linux"
			],
			"dependencies": {
				"mime": "^4.0.7"
			},
			"devDependencies": {
				"@typescript/native-preview": "7.0.0-dev.20250624.1",
				"prettier": "3.5.3"
			},
			"engines": {
				"node": "22.x"
			}
		},
		"node_modules/@typescript/native-preview": {
			"version": "7.0.0-dev.20250624.1",
			"resolved": "https://registry.npmjs.org/@typescript/native-preview/-/native-preview-7.0.0-dev.20250624.1.tgz",
			"integrity": "sha512-oewQ7Qr0nRHkdafrcq5d2LYjrEYG4+Vg/ijLTeoi8ml51H105wodRgycm3UE0qp8A9YIvFfrBus2bHn7RXn/KQ==",
			"dev": true,
			"license": "Apache-2.0",
			"bin": {
				"tsgo": "bin/tsgo.js"
			},
			"engines": {
				"node": ">=20.6.0"
			},
			"optionalDependencies": {
				"@typescript/native-preview-darwin-arm64": "7.0.0-dev.20250624.1",
				"@typescript/native-preview-darwin-x64": "7.0.0-dev.20250624.1",
				"@typescript/native-preview-linux-arm": "7.0.0-dev.20250624.1",
				"@typescript/native-preview-linux-arm64": "7.0.0-dev.20250624.1",
				"@typescript/native-preview-linux-x64": "7.0.0-dev.20250624.1",
				"@typescript/native-preview-win32-arm64": "7.0.0-dev.20250624.1",
				"@typescript/native-preview-win32-x64": "7.0.0-dev.20250624.1"
			}
		},
		"node_modules/@typescript/native-preview-darwin-arm64": {
			"version": "7.0.0-dev.20250624.1",
			"resolved": "https://registry.npmjs.org/@typescript/native-preview-darwin-arm64/-/native-preview-darwin-arm64-7.0.0-dev.20250624.1.tgz",
			"integrity": "sha512-zvyDc4YIyIPZsuBcen9uJlSmMjtqFSLsMwiTKja0/HlPtrWEBvZUvheInqfhjMAnaL6HvJvnG9vpzZI3o8FFhg==",
			"cpu": [
				"arm64"
			],
			"dev": true,
			"license": "Apache-2.0",
			"optional": true,
			"os": [
				"darwin"
			],
			"engines": {
				"node": ">=20.6.0"
			}
		},
		"node_modules/@typescript/native-preview-darwin-x64": {
			"version": "7.0.0-dev.20250624.1",
			"resolved": "https://registry.npmjs.org/@typescript/native-preview-darwin-x64/-/native-preview-darwin-x64-7.0.0-dev.20250624.1.tgz",
			"integrity": "sha512-SuEOILwereIU3tb0QolKY0ROk06faHN4EEJAwXDlj0ZpojlyODzFkzKzBpzBKuSz1kMgd8oTyRabLaJbMmhyig==",
			"cpu": [
				"x64"
			],
			"dev": true,
			"license": "Apache-2.0",
			"optional": true,
			"os": [
				"darwin"
			],
			"engines": {
				"node": ">=20.6.0"
			}
		},
		"node_modules/@typescript/native-preview-linux-arm": {
			"version": "7.0.0-dev.20250624.1",
			"resolved": "https://registry.npmjs.org/@typescript/native-preview-linux-arm/-/native-preview-linux-arm-7.0.0-dev.20250624.1.tgz",
			"integrity": "sha512-MabL/kfuuE82kFR0QXa3C8dlwudsidHTE2rj01gbiXPAARK0TV2SYFhyyAMK4m8rpwnjF5bl1iD6UAJfoKY11Q==",
			"cpu": [
				"arm"
			],
			"dev": true,
			"license": "Apache-2.0",
			"optional": true,
			"os": [
				"linux"
			],
			"engines": {
				"node": ">=20.6.0"
			}
		},
		"node_modules/@typescript/native-preview-linux-arm64": {
			"version": "7.0.0-dev.20250624.1",
			"resolved": "https://registry.npmjs.org/@typescript/native-preview-linux-arm64/-/native-preview-linux-arm64-7.0.0-dev.20250624.1.tgz",
			"integrity": "sha512-gEafRw6TDrl014tQAV8wH0VfCJHDNydLeZv1Y56jJgUVbef+l4uyBLeaBMrg5zK+zBUKnVhtlBm7X6LYix8G1g==",
			"cpu": [
				"arm64"
			],
			"dev": true,
			"license": "Apache-2.0",
			"optional": true,
			"os": [
				"linux"
			],
			"engines": {
				"node": ">=20.6.0"
			}
		},
		"node_modules/@typescript/native-preview-linux-x64": {
			"version": "7.0.0-dev.20250624.1",
			"resolved": "https://registry.npmjs.org/@typescript/native-preview-linux-x64/-/native-preview-linux-x64-7.0.0-dev.20250624.1.tgz",
			"integrity": "sha512-/cYLCZjSLOAdFLyzr2hbnQ48PRZyvOBh+UE6jybCWaxHbcrSOt8S53BiELtM/2yJ4NTyIUCR6qyHmEhQFTdonQ==",
			"cpu": [
				"x64"
			],
			"dev": true,
			"license": "Apache-2.0",
			"optional": true,
			"os": [
				"linux"
			],
			"engines": {
				"node": ">=20.6.0"
			}
		},
		"node_modules/@typescript/native-preview-win32-arm64": {
			"version": "7.0.0-dev.20250624.1",
			"resolved": "https://registry.npmjs.org/@typescript/native-preview-win32-arm64/-/native-preview-win32-arm64-7.0.0-dev.20250624.1.tgz",
			"integrity": "sha512-0q1+0uUJgMxFqucaBzpZ7Z+saVVDxRy9A+U6GPUSaJtQljDPdrDWmiNnAb6aUJ8vjePvKuRwz3erf7Tu//ajTg==",
			"cpu": [
				"arm64"
			],
			"dev": true,
			"license": "Apache-2.0",
			"optional": true,
			"os": [
				"win32"
			],
			"engines": {
				"node": ">=20.6.0"
			}
		},
		"node_modules/@typescript/native-preview-win32-x64": {
			"version": "7.0.0-dev.20250624.1",
			"resolved": "https://registry.npmjs.org/@typescript/native-preview-win32-x64/-/native-preview-win32-x64-7.0.0-dev.20250624.1.tgz",
			"integrity": "sha512-BC2hZWmCqk52C23iJuSTA6WKBlFkBqEEMXX8tw4b5ZJ0WZqCxIrMebWUbEm9Myc4L0fOc0dFrVZDpP3B8oLARA==",
			"cpu": [
				"x64"
			],
			"dev": true,
			"license": "Apache-2.0",
			"optional": true,
			"os": [
				"win32"
			],
			"engines": {
				"node": ">=20.6.0"
			}
		},
		"node_modules/mime": {
			"version": "4.0.7",
			"resolved": "https://registry.npmjs.org/mime/-/mime-4.0.7.tgz",
			"integrity": "sha512-2OfDPL+e03E0LrXaGYOtTFIYhiuzep94NSsuhrNULq+stylcJedcHdzHtz0atMUuGwJfFYs0YL5xeC/Ca2x0eQ==",
			"funding": [
				"https://github.com/sponsors/broofa"
			],
			"license": "MIT",
			"bin": {
				"mime": "bin/cli.js"
			},
			"engines": {
				"node": ">=16"
			}
		},
		"node_modules/prettier": {
			"version": "3.5.3",
			"resolved": "https://registry.npmjs.org/prettier/-/prettier-3.5.3.tgz",
			"integrity": "sha512-QQtaxnoDJeAkDvDKWCLiwIXkTgRhwYDEQCghU9Z6q03iyek/rxRh/2lC3HB7P8sWT2xC/y5JDctPLBIGzHKbhw==",
			"dev": true,
			"license": "MIT",
			"bin": {
				"prettier": "bin/prettier.cjs"
			},
			"engines": {
				"node": ">=14"
			},
			"funding": {
				"url": "https://github.com/prettier/prettier?sponsor=1"
			}
		}
	}
}
